
Microsoft Visual Studio Solution File, Format Version 12.00
# Visual Studio Version 17
VisualStudioVersion = 17.0.31903.59
MinimumVisualStudioVersion = 10.0.40219.1
Project("{9A19103F-16F7-4668-BE54-9A1E7A4F7556}") = "Dune1993Editor", "Dune1993Editor\Dune1993Editor.csproj", "{A0B74C8A-4B40-4F8D-90CD-7FF037976EE2}"
EndProject
Project("{FAE04EC0-301F-11D3-BF4B-00C04F79EFBC}") = "DuneEd", "DuneEd\DuneEd.csproj", "{7B8F48D3-1594-4354-9B8C-78386D06ED21}"
EndProject
Project("{FAE04EC0-301F-11D3-BF4B-00C04F79EFBC}") = "DuneEdWin", "DuneEdWin\DuneEdWin.csproj", "{EE758B82-E7DF-4ED6-937B-B296B72B95A0}"
EndProject
Global
	GlobalSection(SolutionConfigurationPlatforms) = preSolution
		Debug|Any CPU = Debug|Any CPU
		Release|Any CPU = Release|Any CPU
	EndGlobalSection
	GlobalSection(ProjectConfigurationPlatforms) = postSolution
		{A0B74C8A-4B40-4F8D-90CD-7FF037976EE2}.Debug|Any CPU.ActiveCfg = Debug|Any CPU
		{A0B74C8A-4B40-4F8D-90CD-7FF037976EE2}.Debug|Any CPU.Build.0 = Debug|Any CPU
		{A0B74C8A-4B40-4F8D-90CD-7FF037976EE2}.Release|Any CPU.ActiveCfg = Release|Any CPU
		{A0B74C8A-4B40-4F8D-90CD-7FF037976EE2}.Release|Any CPU.Build.0 = Release|Any CPU
		{7B8F48D3-1594-4354-9B8C-78386D06ED21}.Debug|Any CPU.ActiveCfg = Debug|Any CPU
		{7B8F48D3-1594-4354-9B8C-78386D06ED21}.Debug|Any CPU.Build.0 = Debug|Any CPU
		{7B8F48D3-1594-4354-9B8C-78386D06ED21}.Release|Any CPU.ActiveCfg = Release|Any CPU
		{7B8F48D3-1594-4354-9B8C-78386D06ED21}.Release|Any CPU.Build.0 = Release|Any CPU
		{EE758B82-E7DF-4ED6-937B-B296B72B95A0}.Debug|Any CPU.ActiveCfg = Debug|Any CPU
		{EE758B82-E7DF-4ED6-937B-B296B72B95A0}.Debug|Any CPU.Build.0 = Debug|Any CPU
		{EE758B82-E7DF-4ED6-937B-B296B72B95A0}.Release|Any CPU.ActiveCfg = Release|Any CPU
		{EE758B82-E7DF-4ED6-937B-B296B72B95A0}.Release|Any CPU.Build.0 = Release|Any CPU
	EndGlobalSection
	GlobalSection(SolutionProperties) = preSolution
		HideSolutionNode = FALSE
	EndGlobalSection
	GlobalSection(ExtensibilityGlobals) = postSolution
		SolutionGuid = {B82D270D-1DAB-452B-AC3B-BE02ACE39199}
	EndGlobalSection
EndGlobal
